# THIS IS AN AUTOGENERATED FILE. DO NOT EDIT THIS FILE DIRECTLY.
# yarn lockfile v1


"@js-joda/core@3.2.0":
  version "3.2.0"
  resolved "https://registry.yarnpkg.com/@js-joda/core/-/core-3.2.0.tgz#3e61e21b7b2b8a6be746df1335cf91d70db2a273"
  integrity sha512-PMqgJ0sw5B7FKb2d5bWYIoxjri+QlW/Pys7+Rw82jSH0QN3rB05jZ/VrrsUdh1w4+i2kw9JOejXGq/KhDOX7Kg==

"@litertjs/core@2.5.1":
  version "2.5.1"
  resolved "https://registry.yarnpkg.com/@litertjs/core/-/core-2.5.1.tgz#bfa3a88fefbc2f97395e246663ba9a710d7b3780"
  integrity sha512-tuiZmQYsfoLF3AzKHpOsbt0I5XDk7HFGSVogLU6f4gygdbRnR8Nr+sbumW5gnMDsCeUyWaqkNIb0RPJdCVbL6A==
  dependencies:
    "@litertjs/wasm-utils" "^2.4.0"

"@litertjs/wasm-utils@^2.4.0":
  version "2.5.0"
  resolved "https://registry.yarnpkg.com/@litertjs/wasm-utils/-/wasm-utils-2.5.0.tgz#64a718191513325ca783d4fb1d1cd2fe3e3ccd14"
  integrity sha512-zhMAqJRJ3ROi48flZxYx+K2MiMllJVuH7oeumpSIfQMBeOb6JyLV/7ltLbY6E+nERUAfNwzIBqjslWAeXcO6iQ==
